
Microsoft Visual Studio Solution File, Format Version 12.00
# Visual Studio 15
VisualStudioVersion = 15.0.27130.2010
MinimumVisualStudioVersion = 10.0.40219.1
Project("{FAE04EC0-301F-11D3-BF4B-00C04F79EFBC}") = "Example.NavigationApp.Android", "Example.NavigationApp\Example.NavigationApp.Android\Example.NavigationApp.Android.csproj", "{F960CE27-70B9-4F79-A7FD-D2809569CF30}"
EndProject
Project("{FAE04EC0-301F-11D3-BF4B-00C04F79EFBC}") = "Example.NavigationApp.iOS", "Example.NavigationApp\Example.NavigationApp.iOS\Example.NavigationApp.iOS.csproj", "{99DBDA0C-17E2-4231-9A18-FBF4BBC3CA5B}"
EndProject
Project("{9A19103F-16F7-4668-BE54-9A1E7A4F7556}") = "Example.NavigationApp", "Example.NavigationApp\Example.NavigationApp\Example.NavigationApp.csproj", "{49E7F9AA-6AF1-4A77-8726-68DC88DBA409}"
EndProject
Project("{2150E333-8FDC-42A3-9474-1A3956D46DE8}") = "Example", "Example", "{50BB6FB7-8D8A-42E4-A68B-D6297B0AD41F}"
EndProject
Project("{2150E333-8FDC-42A3-9474-1A3956D46DE8}") = "Smart", "Smart", "{932AE229-4C41-4ECD-BA9D-7781CFE5554A}"
EndProject
Project("{9A19103F-16F7-4668-BE54-9A1E7A4F7556}") = "Smart.Forms.Navigation", "Smart.Forms.Navigation\Smart.Forms.Navigation.csproj", "{77D06A60-87BB-4761-AAD7-7471BB518BC1}"
EndProject
Project("{9A19103F-16F7-4668-BE54-9A1E7A4F7556}") = "Smart.Forms.Navigation.Resolver", "Smart.Forms.Navigation.Resolver\Smart.Forms.Navigation.Resolver.csproj", "{61A0FB16-8136-44BA-8A82-F770F88E6E96}"
EndProject
Project("{2150E333-8FDC-42A3-9474-1A3956D46DE8}") = "Solution Items", "Solution Items", "{69441BFB-BA28-4F27-AE28-D04BE5CA306E}"
	ProjectSection(SolutionItems) = preProject
		.gitattributes = .gitattributes
		.gitignore = .gitignore
		Example.NavigationApp.ruleset = Example.NavigationApp.ruleset
		Example.NavigationApp.sln.DotSettings = Example.NavigationApp.sln.DotSettings
		README.md = README.md
		Smart.Forms.Navigation.nuspec = Smart.Forms.Navigation.nuspec
		Smart.Forms.Navigation.Resolver.nuspec = Smart.Forms.Navigation.Resolver.nuspec
		Smart.Forms.Navigation.ruleset = Smart.Forms.Navigation.ruleset
		Smart.Forms.Navigation.sln.DotSettings = Smart.Forms.Navigation.sln.DotSettings
	EndProjectSection
EndProject
Global
	GlobalSection(SolutionConfigurationPlatforms) = preSolution
		Ad-Hoc|Any CPU = Ad-Hoc|Any CPU
		Ad-Hoc|iPhone = Ad-Hoc|iPhone
		Ad-Hoc|iPhoneSimulator = Ad-Hoc|iPhoneSimulator
		AppStore|Any CPU = AppStore|Any CPU
		AppStore|iPhone = AppStore|iPhone
		AppStore|iPhoneSimulator = AppStore|iPhoneSimulator
		Debug|Any CPU = Debug|Any CPU
		Debug|iPhone = Debug|iPhone
		Debug|iPhoneSimulator = Debug|iPhoneSimulator
		Release|Any CPU = Release|Any CPU
		Release|iPhone = Release|iPhone
		Release|iPhoneSimulator = Release|iPhoneSimulator
	EndGlobalSection
	GlobalSection(ProjectConfigurationPlatforms) = postSolution
		{F960CE27-70B9-4F79-A7FD-D2809569CF30}.Ad-Hoc|Any CPU.ActiveCfg = Release|Any CPU
		{F960CE27-70B9-4F79-A7FD-D2809569CF30}.Ad-Hoc|Any CPU.Build.0 = Release|Any CPU
		{F960CE27-70B9-4F79-A7FD-D2809569CF30}.Ad-Hoc|Any CPU.Deploy.0 = Release|Any CPU
		{F960CE27-70B9-4F79-A7FD-D2809569CF30}.Ad-Hoc|iPhone.ActiveCfg = Release|Any CPU
		{F960CE27-70B9-4F79-A7FD-D2809569CF30}.Ad-Hoc|iPhone.Build.0 = Release|Any CPU
		{F960CE27-70B9-4F79-A7FD-D2809569CF30}.Ad-Hoc|iPhone.Deploy.0 = Release|Any CPU
		{F960CE27-70B9-4F79-A7FD-D2809569CF30}.Ad-Hoc|iPhoneSimulator.ActiveCfg = Release|Any CPU
		{F960CE27-70B9-4F79-A7FD-D2809569CF30}.Ad-Hoc|iPhoneSimulator.Build.0 = Release|Any CPU
		{F960CE27-70B9-4F79-A7FD-D2809569CF30}.Ad-Hoc|iPhoneSimulator.Deploy.0 = Release|Any CPU
		{F960CE27-70B9-4F79-A7FD-D2809569CF30}.AppStore|Any CPU.ActiveCfg = Release|Any CPU
		{F960CE27-70B9-4F79-A7FD-D2809569CF30}.AppStore|Any CPU.Build.0 = Release|Any CPU
		{F960CE27-70B9-4F79-A7FD-D2809569CF30}.AppStore|Any CPU.Deploy.0 = Release|Any CPU
		{F960CE27-70B9-4F79-A7FD-D2809569CF30}.AppStore|iPhone.ActiveCfg = Release|Any CPU
		{F960CE27-70B9-4F79-A7FD-D2809569CF30}.AppStore|iPhone.Build.0 = Release|Any CPU
		{F960CE27-70B9-4F79-A7FD-D2809569CF30}.AppStore|iPhone.Deploy.0 = Release|Any CPU
		{F960CE27-70B9-4F79-A7FD-D2809569CF30}.AppStore|iPhoneSimulator.ActiveCfg = Release|Any CPU
		{F960CE27-70B9-4F79-A7FD-D2809569CF30}.AppStore|iPhoneSimulator.Build.0 = Release|Any CPU
		{F960CE27-70B9-4F79-A7FD-D2809569CF30}.AppStore|iPhoneSimulator.Deploy.0 = Release|Any CPU
		{F960CE27-70B9-4F79-A7FD-D2809569CF30}.Debug|Any CPU.ActiveCfg = Debug|Any CPU
		{F960CE27-70B9-4F79-A7FD-D2809569CF30}.Debug|Any CPU.Build.0 = Debug|Any CPU
		{F960CE27-70B9-4F79-A7FD-D2809569CF30}.Debug|Any CPU.Deploy.0 = Debug|Any CPU
		{F960CE27-70B9-4F79-A7FD-D2809569CF30}.Debug|iPhone.ActiveCfg = Debug|Any CPU
		{F960CE27-70B9-4F79-A7FD-D2809569CF30}.Debug|iPhone.Build.0 = Debug|Any CPU
		{F960CE27-70B9-4F79-A7FD-D2809569CF30}.Debug|iPhone.Deploy.0 = Debug|Any CPU
		{F960CE27-70B9-4F79-A7FD-D2809569CF30}.Debug|iPhoneSimulator.ActiveCfg = Debug|Any CPU
		{F960CE27-70B9-4F79-A7FD-D2809569CF30}.Debug|iPhoneSimulator.Build.0 = Debug|Any CPU
		{F960CE27-70B9-4F79-A7FD-D2809569CF30}.Debug|iPhoneSimulator.Deploy.0 = Debug|Any CPU
		{F960CE27-70B9-4F79-A7FD-D2809569CF30}.Release|Any CPU.ActiveCfg = Release|Any CPU
		{F960CE27-70B9-4F79-A7FD-D2809569CF30}.Release|Any CPU.Build.0 = Release|Any CPU
		{F960CE27-70B9-4F79-A7FD-D2809569CF30}.Release|Any CPU.Deploy.0 = Release|Any CPU
		{F960CE27-70B9-4F79-A7FD-D2809569CF30}.Release|iPhone.ActiveCfg = Release|Any CPU
		{F960CE27-70B9-4F79-A7FD-D2809569CF30}.Release|iPhone.Build.0 = Release|Any CPU
		{F960CE27-70B9-4F79-A7FD-D2809569CF30}.Release|iPhone.Deploy.0 = Release|Any CPU
		{F960CE27-70B9-4F79-A7FD-D2809569CF30}.Release|iPhoneSimulator.ActiveCfg = Release|Any CPU
		{F960CE27-70B9-4F79-A7FD-D2809569CF30}.Release|iPhoneSimulator.Build.0 = Release|Any CPU
		{F960CE27-70B9-4F79-A7FD-D2809569CF30}.Release|iPhoneSimulator.Deploy.0 = Release|Any CPU
		{99DBDA0C-17E2-4231-9A18-FBF4BBC3CA5B}.Ad-Hoc|Any CPU.ActiveCfg = Ad-Hoc|iPhone
		{99DBDA0C-17E2-4231-9A18-FBF4BBC3CA5B}.Ad-Hoc|iPhone.ActiveCfg = Ad-Hoc|iPhone
		{99DBDA0C-17E2-4231-9A18-FBF4BBC3CA5B}.Ad-Hoc|iPhone.Build.0 = Ad-Hoc|iPhone
		{99DBDA0C-17E2-4231-9A18-FBF4BBC3CA5B}.Ad-Hoc|iPhoneSimulator.ActiveCfg = Ad-Hoc|iPhoneSimulator
		{99DBDA0C-17E2-4231-9A18-FBF4BBC3CA5B}.Ad-Hoc|iPhoneSimulator.Build.0 = Ad-Hoc|iPhoneSimulator
		{99DBDA0C-17E2-4231-9A18-FBF4BBC3CA5B}.AppStore|Any CPU.ActiveCfg = AppStore|iPhone
		{99DBDA0C-17E2-4231-9A18-FBF4BBC3CA5B}.AppStore|iPhone.ActiveCfg = AppStore|iPhone
		{99DBDA0C-17E2-4231-9A18-FBF4BBC3CA5B}.AppStore|iPhone.Build.0 = AppStore|iPhone
		{99DBDA0C-17E2-4231-9A18-FBF4BBC3CA5B}.AppStore|iPhoneSimulator.ActiveCfg = AppStore|iPhoneSimulator
		{99DBDA0C-17E2-4231-9A18-FBF4BBC3CA5B}.AppStore|iPhoneSimulator.Build.0 = AppStore|iPhoneSimulator
		{99DBDA0C-17E2-4231-9A18-FBF4BBC3CA5B}.Debug|Any CPU.ActiveCfg = Debug|iPhone
		{99DBDA0C-17E2-4231-9A18-FBF4BBC3CA5B}.Debug|iPhone.ActiveCfg = Debug|iPhone
		{99DBDA0C-17E2-4231-9A18-FBF4BBC3CA5B}.Debug|iPhone.Build.0 = Debug|iPhone
		{99DBDA0C-17E2-4231-9A18-FBF4BBC3CA5B}.Debug|iPhoneSimulator.ActiveCfg = Debug|iPhoneSimulator
		{99DBDA0C-17E2-4231-9A18-FBF4BBC3CA5B}.Debug|iPhoneSimulator.Build.0 = Debug|iPhoneSimulator
		{99DBDA0C-17E2-4231-9A18-FBF4BBC3CA5B}.Release|Any CPU.ActiveCfg = Release|iPhone
		{99DBDA0C-17E2-4231-9A18-FBF4BBC3CA5B}.Release|iPhone.ActiveCfg = Release|iPhone
		{99DBDA0C-17E2-4231-9A18-FBF4BBC3CA5B}.Release|iPhone.Build.0 = Release|iPhone
		{99DBDA0C-17E2-4231-9A18-FBF4BBC3CA5B}.Release|iPhoneSimulator.ActiveCfg = Release|iPhoneSimulator
		{99DBDA0C-17E2-4231-9A18-FBF4BBC3CA5B}.Release|iPhoneSimulator.Build.0 = Release|iPhoneSimulator
		{49E7F9AA-6AF1-4A77-8726-68DC88DBA409}.Ad-Hoc|Any CPU.ActiveCfg = Debug|Any CPU
		{49E7F9AA-6AF1-4A77-8726-68DC88DBA409}.Ad-Hoc|Any CPU.Build.0 = Debug|Any CPU
		{49E7F9AA-6AF1-4A77-8726-68DC88DBA409}.Ad-Hoc|iPhone.ActiveCfg = Debug|Any CPU
		{49E7F9AA-6AF1-4A77-8726-68DC88DBA409}.Ad-Hoc|iPhone.Build.0 = Debug|Any CPU
		{49E7F9AA-6AF1-4A77-8726-68DC88DBA409}.Ad-Hoc|iPhoneSimulator.ActiveCfg = Debug|Any CPU
		{49E7F9AA-6AF1-4A77-8726-68DC88DBA409}.Ad-Hoc|iPhoneSimulator.Build.0 = Debug|Any CPU
		{49E7F9AA-6AF1-4A77-8726-68DC88DBA409}.AppStore|Any CPU.ActiveCfg = Debug|Any CPU
		{49E7F9AA-6AF1-4A77-8726-68DC88DBA409}.AppStore|Any CPU.Build.0 = Debug|Any CPU
		{49E7F9AA-6AF1-4A77-8726-68DC88DBA409}.AppStore|iPhone.ActiveCfg = Debug|Any CPU
		{49E7F9AA-6AF1-4A77-8726-68DC88DBA409}.AppStore|iPhone.Build.0 = Debug|Any CPU
		{49E7F9AA-6AF1-4A77-8726-68DC88DBA409}.AppStore|iPhoneSimulator.ActiveCfg = Debug|Any CPU
		{49E7F9AA-6AF1-4A77-8726-68DC88DBA409}.AppStore|iPhoneSimulator.Build.0 = Debug|Any CPU
		{49E7F9AA-6AF1-4A77-8726-68DC88DBA409}.Debug|Any CPU.ActiveCfg = Debug|Any CPU
		{49E7F9AA-6AF1-4A77-8726-68DC88DBA409}.Debug|Any CPU.Build.0 = Debug|Any CPU
		{49E7F9AA-6AF1-4A77-8726-68DC88DBA409}.Debug|iPhone.ActiveCfg = Debug|Any CPU
		{49E7F9AA-6AF1-4A77-8726-68DC88DBA409}.Debug|iPhone.Build.0 = Debug|Any CPU
		{49E7F9AA-6AF1-4A77-8726-68DC88DBA409}.Debug|iPhoneSimulator.ActiveCfg = Debug|Any CPU
		{49E7F9AA-6AF1-4A77-8726-68DC88DBA409}.Debug|iPhoneSimulator.Build.0 = Debug|Any CPU
		{49E7F9AA-6AF1-4A77-8726-68DC88DBA409}.Release|Any CPU.ActiveCfg = Release|Any CPU
		{49E7F9AA-6AF1-4A77-8726-68DC88DBA409}.Release|Any CPU.Build.0 = Release|Any CPU
		{49E7F9AA-6AF1-4A77-8726-68DC88DBA409}.Release|iPhone.ActiveCfg = Release|Any CPU
		{49E7F9AA-6AF1-4A77-8726-68DC88DBA409}.Release|iPhone.Build.0 = Release|Any CPU
		{49E7F9AA-6AF1-4A77-8726-68DC88DBA409}.Release|iPhoneSimulator.ActiveCfg = Release|Any CPU
		{49E7F9AA-6AF1-4A77-8726-68DC88DBA409}.Release|iPhoneSimulator.Build.0 = Release|Any CPU
		{77D06A60-87BB-4761-AAD7-7471BB518BC1}.Ad-Hoc|Any CPU.ActiveCfg = Debug|Any CPU
		{77D06A60-87BB-4761-AAD7-7471BB518BC1}.Ad-Hoc|Any CPU.Build.0 = Debug|Any CPU
		{77D06A60-87BB-4761-AAD7-7471BB518BC1}.Ad-Hoc|iPhone.ActiveCfg = Debug|Any CPU
		{77D06A60-87BB-4761-AAD7-7471BB518BC1}.Ad-Hoc|iPhone.Build.0 = Debug|Any CPU
		{77D06A60-87BB-4761-AAD7-7471BB518BC1}.Ad-Hoc|iPhoneSimulator.ActiveCfg = Debug|Any CPU
		{77D06A60-87BB-4761-AAD7-7471BB518BC1}.Ad-Hoc|iPhoneSimulator.Build.0 = Debug|Any CPU
		{77D06A60-87BB-4761-AAD7-7471BB518BC1}.AppStore|Any CPU.ActiveCfg = Debug|Any CPU
		{77D06A60-87BB-4761-AAD7-7471BB518BC1}.AppStore|Any CPU.Build.0 = Debug|Any CPU
		{77D06A60-87BB-4761-AAD7-7471BB518BC1}.AppStore|iPhone.ActiveCfg = Debug|Any CPU
		{77D06A60-87BB-4761-AAD7-7471BB518BC1}.AppStore|iPhone.Build.0 = Debug|Any CPU
		{77D06A60-87BB-4761-AAD7-7471BB518BC1}.AppStore|iPhoneSimulator.ActiveCfg = Debug|Any CPU
		{77D06A60-87BB-4761-AAD7-7471BB518BC1}.AppStore|iPhoneSimulator.Build.0 = Debug|Any CPU
		{77D06A60-87BB-4761-AAD7-7471BB518BC1}.Debug|Any CPU.ActiveCfg = Debug|Any CPU
		{77D06A60-87BB-4761-AAD7-7471BB518BC1}.Debug|Any CPU.Build.0 = Debug|Any CPU
		{77D06A60-87BB-4761-AAD7-7471BB518BC1}.Debug|iPhone.ActiveCfg = Debug|Any CPU
		{77D06A60-87BB-4761-AAD7-7471BB518BC1}.Debug|iPhone.Build.0 = Debug|Any CPU
		{77D06A60-87BB-4761-AAD7-7471BB518BC1}.Debug|iPhoneSimulator.ActiveCfg = Debug|Any CPU
		{77D06A60-87BB-4761-AAD7-7471BB518BC1}.Debug|iPhoneSimulator.Build.0 = Debug|Any CPU
		{77D06A60-87BB-4761-AAD7-7471BB518BC1}.Release|Any CPU.ActiveCfg = Release|Any CPU
		{77D06A60-87BB-4761-AAD7-7471BB518BC1}.Release|Any CPU.Build.0 = Release|Any CPU
		{77D06A60-87BB-4761-AAD7-7471BB518BC1}.Release|iPhone.ActiveCfg = Release|Any CPU
		{77D06A60-87BB-4761-AAD7-7471BB518BC1}.Release|iPhone.Build.0 = Release|Any CPU
		{77D06A60-87BB-4761-AAD7-7471BB518BC1}.Release|iPhoneSimulator.ActiveCfg = Release|Any CPU
		{77D06A60-87BB-4761-AAD7-7471BB518BC1}.Release|iPhoneSimulator.Build.0 = Release|Any CPU
		{61A0FB16-8136-44BA-8A82-F770F88E6E96}.Ad-Hoc|Any CPU.ActiveCfg = Debug|Any CPU
		{61A0FB16-8136-44BA-8A82-F770F88E6E96}.Ad-Hoc|Any CPU.Build.0 = Debug|Any CPU
		{61A0FB16-8136-44BA-8A82-F770F88E6E96}.Ad-Hoc|iPhone.ActiveCfg = Debug|Any CPU
		{61A0FB16-8136-44BA-8A82-F770F88E6E96}.Ad-Hoc|iPhone.Build.0 = Debug|Any CPU
		{61A0FB16-8136-44BA-8A82-F770F88E6E96}.Ad-Hoc|iPhoneSimulator.ActiveCfg = Debug|Any CPU
		{61A0FB16-8136-44BA-8A82-F770F88E6E96}.Ad-Hoc|iPhoneSimulator.Build.0 = Debug|Any CPU
		{61A0FB16-8136-44BA-8A82-F770F88E6E96}.AppStore|Any CPU.ActiveCfg = Debug|Any CPU
		{61A0FB16-8136-44BA-8A82-F770F88E6E96}.AppStore|Any CPU.Build.0 = Debug|Any CPU
		{61A0FB16-8136-44BA-8A82-F770F88E6E96}.AppStore|iPhone.ActiveCfg = Debug|Any CPU
		{61A0FB16-8136-44BA-8A82-F770F88E6E96}.AppStore|iPhone.Build.0 = Debug|Any CPU
		{61A0FB16-8136-44BA-8A82-F770F88E6E96}.AppStore|iPhoneSimulator.ActiveCfg = Debug|Any CPU
		{61A0FB16-8136-44BA-8A82-F770F88E6E96}.AppStore|iPhoneSimulator.Build.0 = Debug|Any CPU
		{61A0FB16-8136-44BA-8A82-F770F88E6E96}.Debug|Any CPU.ActiveCfg = Debug|Any CPU
		{61A0FB16-8136-44BA-8A82-F770F88E6E96}.Debug|Any CPU.Build.0 = Debug|Any CPU
		{61A0FB16-8136-44BA-8A82-F770F88E6E96}.Debug|iPhone.ActiveCfg = Debug|Any CPU
		{61A0FB16-8136-44BA-8A82-F770F88E6E96}.Debug|iPhone.Build.0 = Debug|Any CPU
		{61A0FB16-8136-44BA-8A82-F770F88E6E96}.Debug|iPhoneSimulator.ActiveCfg = Debug|Any CPU
		{61A0FB16-8136-44BA-8A82-F770F88E6E96}.Debug|iPhoneSimulator.Build.0 = Debug|Any CPU
		{61A0FB16-8136-44BA-8A82-F770F88E6E96}.Release|Any CPU.ActiveCfg = Release|Any CPU
		{61A0FB16-8136-44BA-8A82-F770F88E6E96}.Release|Any CPU.Build.0 = Release|Any CPU
		{61A0FB16-8136-44BA-8A82-F770F88E6E96}.Release|iPhone.ActiveCfg = Release|Any CPU
		{61A0FB16-8136-44BA-8A82-F770F88E6E96}.Release|iPhone.Build.0 = Release|Any CPU
		{61A0FB16-8136-44BA-8A82-F770F88E6E96}.Release|iPhoneSimulator.ActiveCfg = Release|Any CPU
		{61A0FB16-8136-44BA-8A82-F770F88E6E96}.Release|iPhoneSimulator.Build.0 = Release|Any CPU
	EndGlobalSection
	GlobalSection(SolutionProperties) = preSolution
		HideSolutionNode = FALSE
	EndGlobalSection
	GlobalSection(NestedProjects) = preSolution
		{F960CE27-70B9-4F79-A7FD-D2809569CF30} = {50BB6FB7-8D8A-42E4-A68B-D6297B0AD41F}
		{99DBDA0C-17E2-4231-9A18-FBF4BBC3CA5B} = {50BB6FB7-8D8A-42E4-A68B-D6297B0AD41F}
		{49E7F9AA-6AF1-4A77-8726-68DC88DBA409} = {50BB6FB7-8D8A-42E4-A68B-D6297B0AD41F}
		{77D06A60-87BB-4761-AAD7-7471BB518BC1} = {932AE229-4C41-4ECD-BA9D-7781CFE5554A}
		{61A0FB16-8136-44BA-8A82-F770F88E6E96} = {932AE229-4C41-4ECD-BA9D-7781CFE5554A}
	EndGlobalSection
	GlobalSection(ExtensibilityGlobals) = postSolution
		SolutionGuid = {C04B1855-F042-413B-8309-7EE57B2B482D}
	EndGlobalSection
EndGlobal
