
Microsoft Visual Studio Solution File, Format Version 12.00
# Visual Studio 14
VisualStudioVersion = 14.0.25420.1
MinimumVisualStudioVersion = 10.0.40219.1
Project("{FAE04EC0-301F-11D3-BF4B-00C04F79EFBC}") = "Example.FormsNavigation", "Example.FormsNavigation\Example.FormsNavigation\Example.FormsNavigation.csproj", "{75953FDC-32FA-4552-96C4-7580DE10BF0D}"
EndProject
Project("{FAE04EC0-301F-11D3-BF4B-00C04F79EFBC}") = "Example.FormsNavigation.Droid", "Example.FormsNavigation\Example.FormsNavigation.Droid\Example.FormsNavigation.Droid.csproj", "{92E6055C-C854-4894-B008-73E214E2EBB0}"
EndProject
Project("{FAE04EC0-301F-11D3-BF4B-00C04F79EFBC}") = "Example.FormsNavigation.iOS", "Example.FormsNavigation\Example.FormsNavigation.iOS\Example.FormsNavigation.iOS.csproj", "{5869D817-F6C0-46CA-9DF9-98BD34A150F9}"
EndProject
Project("{FAE04EC0-301F-11D3-BF4B-00C04F79EFBC}") = "Smart.Forms.Navigation", "Smart.Forms.Navigation\Smart.Forms.Navigation.csproj", "{67F9D3A8-F71E-4428-913F-C37AE82CDB24}"
EndProject
Project("{2150E333-8FDC-42A3-9474-1A3956D46DE8}") = "Example", "Example", "{B6579206-98E0-4F46-A084-E56396315674}"
EndProject
Project("{2150E333-8FDC-42A3-9474-1A3956D46DE8}") = "Solution Items", "Solution Items", "{0F3E565E-2717-4969-821F-6ECC96EF6BC1}"
	ProjectSection(SolutionItems) = preProject
		.gitattributes = .gitattributes
		.gitignore = .gitignore
		README.md = README.md
		Smart.Forms.Navigation.ruleset = Smart.Forms.Navigation.ruleset
		Smart.Forms.Navigation.sln.DotSettings = Smart.Forms.Navigation.sln.DotSettings
	EndProjectSection
EndProject
Project("{FAE04EC0-301F-11D3-BF4B-00C04F79EFBC}") = "Smart.Forms.Navigation.Resolver", "Smart.Forms.Navigation.Resolver\Smart.Forms.Navigation.Resolver.csproj", "{8CB1D2E3-94BD-4642-9CB4-988EB1E311BE}"
EndProject
Global
	GlobalSection(SolutionConfigurationPlatforms) = preSolution
		Ad-Hoc|Any CPU = Ad-Hoc|Any CPU
		Ad-Hoc|ARM = Ad-Hoc|ARM
		Ad-Hoc|iPhone = Ad-Hoc|iPhone
		Ad-Hoc|iPhoneSimulator = Ad-Hoc|iPhoneSimulator
		Ad-Hoc|x64 = Ad-Hoc|x64
		Ad-Hoc|x86 = Ad-Hoc|x86
		AppStore|Any CPU = AppStore|Any CPU
		AppStore|ARM = AppStore|ARM
		AppStore|iPhone = AppStore|iPhone
		AppStore|iPhoneSimulator = AppStore|iPhoneSimulator
		AppStore|x64 = AppStore|x64
		AppStore|x86 = AppStore|x86
		Debug|Any CPU = Debug|Any CPU
		Debug|ARM = Debug|ARM
		Debug|iPhone = Debug|iPhone
		Debug|iPhoneSimulator = Debug|iPhoneSimulator
		Debug|x64 = Debug|x64
		Debug|x86 = Debug|x86
		Release|Any CPU = Release|Any CPU
		Release|ARM = Release|ARM
		Release|iPhone = Release|iPhone
		Release|iPhoneSimulator = Release|iPhoneSimulator
		Release|x64 = Release|x64
		Release|x86 = Release|x86
	EndGlobalSection
	GlobalSection(ProjectConfigurationPlatforms) = postSolution
		{75953FDC-32FA-4552-96C4-7580DE10BF0D}.Ad-Hoc|Any CPU.ActiveCfg = Release|Any CPU
		{75953FDC-32FA-4552-96C4-7580DE10BF0D}.Ad-Hoc|Any CPU.Build.0 = Release|Any CPU
		{75953FDC-32FA-4552-96C4-7580DE10BF0D}.Ad-Hoc|ARM.ActiveCfg = Release|Any CPU
		{75953FDC-32FA-4552-96C4-7580DE10BF0D}.Ad-Hoc|ARM.Build.0 = Release|Any CPU
		{75953FDC-32FA-4552-96C4-7580DE10BF0D}.Ad-Hoc|iPhone.ActiveCfg = Release|Any CPU
		{75953FDC-32FA-4552-96C4-7580DE10BF0D}.Ad-Hoc|iPhone.Build.0 = Release|Any CPU
		{75953FDC-32FA-4552-96C4-7580DE10BF0D}.Ad-Hoc|iPhoneSimulator.ActiveCfg = Release|Any CPU
		{75953FDC-32FA-4552-96C4-7580DE10BF0D}.Ad-Hoc|iPhoneSimulator.Build.0 = Release|Any CPU
		{75953FDC-32FA-4552-96C4-7580DE10BF0D}.Ad-Hoc|x64.ActiveCfg = Release|Any CPU
		{75953FDC-32FA-4552-96C4-7580DE10BF0D}.Ad-Hoc|x64.Build.0 = Release|Any CPU
		{75953FDC-32FA-4552-96C4-7580DE10BF0D}.Ad-Hoc|x86.ActiveCfg = Release|Any CPU
		{75953FDC-32FA-4552-96C4-7580DE10BF0D}.Ad-Hoc|x86.Build.0 = Release|Any CPU
		{75953FDC-32FA-4552-96C4-7580DE10BF0D}.AppStore|Any CPU.ActiveCfg = Release|Any CPU
		{75953FDC-32FA-4552-96C4-7580DE10BF0D}.AppStore|Any CPU.Build.0 = Release|Any CPU
		{75953FDC-32FA-4552-96C4-7580DE10BF0D}.AppStore|ARM.ActiveCfg = Release|Any CPU
		{75953FDC-32FA-4552-96C4-7580DE10BF0D}.AppStore|ARM.Build.0 = Release|Any CPU
		{75953FDC-32FA-4552-96C4-7580DE10BF0D}.AppStore|iPhone.ActiveCfg = Release|Any CPU
		{75953FDC-32FA-4552-96C4-7580DE10BF0D}.AppStore|iPhone.Build.0 = Release|Any CPU
		{75953FDC-32FA-4552-96C4-7580DE10BF0D}.AppStore|iPhoneSimulator.ActiveCfg = Release|Any CPU
		{75953FDC-32FA-4552-96C4-7580DE10BF0D}.AppStore|iPhoneSimulator.Build.0 = Release|Any CPU
		{75953FDC-32FA-4552-96C4-7580DE10BF0D}.AppStore|x64.ActiveCfg = Release|Any CPU
		{75953FDC-32FA-4552-96C4-7580DE10BF0D}.AppStore|x64.Build.0 = Release|Any CPU
		{75953FDC-32FA-4552-96C4-7580DE10BF0D}.AppStore|x86.ActiveCfg = Release|Any CPU
		{75953FDC-32FA-4552-96C4-7580DE10BF0D}.AppStore|x86.Build.0 = Release|Any CPU
		{75953FDC-32FA-4552-96C4-7580DE10BF0D}.Debug|Any CPU.ActiveCfg = Debug|Any CPU
		{75953FDC-32FA-4552-96C4-7580DE10BF0D}.Debug|Any CPU.Build.0 = Debug|Any CPU
		{75953FDC-32FA-4552-96C4-7580DE10BF0D}.Debug|ARM.ActiveCfg = Debug|Any CPU
		{75953FDC-32FA-4552-96C4-7580DE10BF0D}.Debug|ARM.Build.0 = Debug|Any CPU
		{75953FDC-32FA-4552-96C4-7580DE10BF0D}.Debug|iPhone.ActiveCfg = Debug|Any CPU
		{75953FDC-32FA-4552-96C4-7580DE10BF0D}.Debug|iPhone.Build.0 = Debug|Any CPU
		{75953FDC-32FA-4552-96C4-7580DE10BF0D}.Debug|iPhoneSimulator.ActiveCfg = Debug|Any CPU
		{75953FDC-32FA-4552-96C4-7580DE10BF0D}.Debug|iPhoneSimulator.Build.0 = Debug|Any CPU
		{75953FDC-32FA-4552-96C4-7580DE10BF0D}.Debug|x64.ActiveCfg = Debug|Any CPU
		{75953FDC-32FA-4552-96C4-7580DE10BF0D}.Debug|x64.Build.0 = Debug|Any CPU
		{75953FDC-32FA-4552-96C4-7580DE10BF0D}.Debug|x86.ActiveCfg = Debug|Any CPU
		{75953FDC-32FA-4552-96C4-7580DE10BF0D}.Debug|x86.Build.0 = Debug|Any CPU
		{75953FDC-32FA-4552-96C4-7580DE10BF0D}.Release|Any CPU.ActiveCfg = Release|Any CPU
		{75953FDC-32FA-4552-96C4-7580DE10BF0D}.Release|Any CPU.Build.0 = Release|Any CPU
		{75953FDC-32FA-4552-96C4-7580DE10BF0D}.Release|ARM.ActiveCfg = Release|Any CPU
		{75953FDC-32FA-4552-96C4-7580DE10BF0D}.Release|ARM.Build.0 = Release|Any CPU
		{75953FDC-32FA-4552-96C4-7580DE10BF0D}.Release|iPhone.ActiveCfg = Release|Any CPU
		{75953FDC-32FA-4552-96C4-7580DE10BF0D}.Release|iPhone.Build.0 = Release|Any CPU
		{75953FDC-32FA-4552-96C4-7580DE10BF0D}.Release|iPhoneSimulator.ActiveCfg = Release|Any CPU
		{75953FDC-32FA-4552-96C4-7580DE10BF0D}.Release|iPhoneSimulator.Build.0 = Release|Any CPU
		{75953FDC-32FA-4552-96C4-7580DE10BF0D}.Release|x64.ActiveCfg = Release|Any CPU
		{75953FDC-32FA-4552-96C4-7580DE10BF0D}.Release|x64.Build.0 = Release|Any CPU
		{75953FDC-32FA-4552-96C4-7580DE10BF0D}.Release|x86.ActiveCfg = Release|Any CPU
		{75953FDC-32FA-4552-96C4-7580DE10BF0D}.Release|x86.Build.0 = Release|Any CPU
		{92E6055C-C854-4894-B008-73E214E2EBB0}.Ad-Hoc|Any CPU.ActiveCfg = Release|Any CPU
		{92E6055C-C854-4894-B008-73E214E2EBB0}.Ad-Hoc|Any CPU.Build.0 = Release|Any CPU
		{92E6055C-C854-4894-B008-73E214E2EBB0}.Ad-Hoc|Any CPU.Deploy.0 = Release|Any CPU
		{92E6055C-C854-4894-B008-73E214E2EBB0}.Ad-Hoc|ARM.ActiveCfg = Release|Any CPU
		{92E6055C-C854-4894-B008-73E214E2EBB0}.Ad-Hoc|ARM.Build.0 = Release|Any CPU
		{92E6055C-C854-4894-B008-73E214E2EBB0}.Ad-Hoc|ARM.Deploy.0 = Release|Any CPU
		{92E6055C-C854-4894-B008-73E214E2EBB0}.Ad-Hoc|iPhone.ActiveCfg = Release|Any CPU
		{92E6055C-C854-4894-B008-73E214E2EBB0}.Ad-Hoc|iPhone.Build.0 = Release|Any CPU
		{92E6055C-C854-4894-B008-73E214E2EBB0}.Ad-Hoc|iPhone.Deploy.0 = Release|Any CPU
		{92E6055C-C854-4894-B008-73E214E2EBB0}.Ad-Hoc|iPhoneSimulator.ActiveCfg = Release|Any CPU
		{92E6055C-C854-4894-B008-73E214E2EBB0}.Ad-Hoc|iPhoneSimulator.Build.0 = Release|Any CPU
		{92E6055C-C854-4894-B008-73E214E2EBB0}.Ad-Hoc|iPhoneSimulator.Deploy.0 = Release|Any CPU
		{92E6055C-C854-4894-B008-73E214E2EBB0}.Ad-Hoc|x64.ActiveCfg = Release|Any CPU
		{92E6055C-C854-4894-B008-73E214E2EBB0}.Ad-Hoc|x64.Build.0 = Release|Any CPU
		{92E6055C-C854-4894-B008-73E214E2EBB0}.Ad-Hoc|x64.Deploy.0 = Release|Any CPU
		{92E6055C-C854-4894-B008-73E214E2EBB0}.Ad-Hoc|x86.ActiveCfg = Release|Any CPU
		{92E6055C-C854-4894-B008-73E214E2EBB0}.Ad-Hoc|x86.Build.0 = Release|Any CPU
		{92E6055C-C854-4894-B008-73E214E2EBB0}.Ad-Hoc|x86.Deploy.0 = Release|Any CPU
		{92E6055C-C854-4894-B008-73E214E2EBB0}.AppStore|Any CPU.ActiveCfg = Release|Any CPU
		{92E6055C-C854-4894-B008-73E214E2EBB0}.AppStore|Any CPU.Build.0 = Release|Any CPU
		{92E6055C-C854-4894-B008-73E214E2EBB0}.AppStore|Any CPU.Deploy.0 = Release|Any CPU
		{92E6055C-C854-4894-B008-73E214E2EBB0}.AppStore|ARM.ActiveCfg = Release|Any CPU
		{92E6055C-C854-4894-B008-73E214E2EBB0}.AppStore|ARM.Build.0 = Release|Any CPU
		{92E6055C-C854-4894-B008-73E214E2EBB0}.AppStore|ARM.Deploy.0 = Release|Any CPU
		{92E6055C-C854-4894-B008-73E214E2EBB0}.AppStore|iPhone.ActiveCfg = Release|Any CPU
		{92E6055C-C854-4894-B008-73E214E2EBB0}.AppStore|iPhone.Build.0 = Release|Any CPU
		{92E6055C-C854-4894-B008-73E214E2EBB0}.AppStore|iPhone.Deploy.0 = Release|Any CPU
		{92E6055C-C854-4894-B008-73E214E2EBB0}.AppStore|iPhoneSimulator.ActiveCfg = Release|Any CPU
		{92E6055C-C854-4894-B008-73E214E2EBB0}.AppStore|iPhoneSimulator.Build.0 = Release|Any CPU
		{92E6055C-C854-4894-B008-73E214E2EBB0}.AppStore|iPhoneSimulator.Deploy.0 = Release|Any CPU
		{92E6055C-C854-4894-B008-73E214E2EBB0}.AppStore|x64.ActiveCfg = Release|Any CPU
		{92E6055C-C854-4894-B008-73E214E2EBB0}.AppStore|x64.Build.0 = Release|Any CPU
		{92E6055C-C854-4894-B008-73E214E2EBB0}.AppStore|x64.Deploy.0 = Release|Any CPU
		{92E6055C-C854-4894-B008-73E214E2EBB0}.AppStore|x86.ActiveCfg = Release|Any CPU
		{92E6055C-C854-4894-B008-73E214E2EBB0}.AppStore|x86.Build.0 = Release|Any CPU
		{92E6055C-C854-4894-B008-73E214E2EBB0}.AppStore|x86.Deploy.0 = Release|Any CPU
		{92E6055C-C854-4894-B008-73E214E2EBB0}.Debug|Any CPU.ActiveCfg = Debug|Any CPU
		{92E6055C-C854-4894-B008-73E214E2EBB0}.Debug|Any CPU.Build.0 = Debug|Any CPU
		{92E6055C-C854-4894-B008-73E214E2EBB0}.Debug|Any CPU.Deploy.0 = Debug|Any CPU
		{92E6055C-C854-4894-B008-73E214E2EBB0}.Debug|ARM.ActiveCfg = Debug|Any CPU
		{92E6055C-C854-4894-B008-73E214E2EBB0}.Debug|ARM.Build.0 = Debug|Any CPU
		{92E6055C-C854-4894-B008-73E214E2EBB0}.Debug|ARM.Deploy.0 = Debug|Any CPU
		{92E6055C-C854-4894-B008-73E214E2EBB0}.Debug|iPhone.ActiveCfg = Debug|Any CPU
		{92E6055C-C854-4894-B008-73E214E2EBB0}.Debug|iPhone.Build.0 = Debug|Any CPU
		{92E6055C-C854-4894-B008-73E214E2EBB0}.Debug|iPhone.Deploy.0 = Debug|Any CPU
		{92E6055C-C854-4894-B008-73E214E2EBB0}.Debug|iPhoneSimulator.ActiveCfg = Debug|Any CPU
		{92E6055C-C854-4894-B008-73E214E2EBB0}.Debug|iPhoneSimulator.Build.0 = Debug|Any CPU
		{92E6055C-C854-4894-B008-73E214E2EBB0}.Debug|iPhoneSimulator.Deploy.0 = Debug|Any CPU
		{92E6055C-C854-4894-B008-73E214E2EBB0}.Debug|x64.ActiveCfg = Debug|Any CPU
		{92E6055C-C854-4894-B008-73E214E2EBB0}.Debug|x64.Build.0 = Debug|Any CPU
		{92E6055C-C854-4894-B008-73E214E2EBB0}.Debug|x64.Deploy.0 = Debug|Any CPU
		{92E6055C-C854-4894-B008-73E214E2EBB0}.Debug|x86.ActiveCfg = Debug|Any CPU
		{92E6055C-C854-4894-B008-73E214E2EBB0}.Debug|x86.Build.0 = Debug|Any CPU
		{92E6055C-C854-4894-B008-73E214E2EBB0}.Debug|x86.Deploy.0 = Debug|Any CPU
		{92E6055C-C854-4894-B008-73E214E2EBB0}.Release|Any CPU.ActiveCfg = Release|Any CPU
		{92E6055C-C854-4894-B008-73E214E2EBB0}.Release|Any CPU.Build.0 = Release|Any CPU
		{92E6055C-C854-4894-B008-73E214E2EBB0}.Release|Any CPU.Deploy.0 = Release|Any CPU
		{92E6055C-C854-4894-B008-73E214E2EBB0}.Release|ARM.ActiveCfg = Release|Any CPU
		{92E6055C-C854-4894-B008-73E214E2EBB0}.Release|ARM.Build.0 = Release|Any CPU
		{92E6055C-C854-4894-B008-73E214E2EBB0}.Release|ARM.Deploy.0 = Release|Any CPU
		{92E6055C-C854-4894-B008-73E214E2EBB0}.Release|iPhone.ActiveCfg = Release|Any CPU
		{92E6055C-C854-4894-B008-73E214E2EBB0}.Release|iPhone.Build.0 = Release|Any CPU
		{92E6055C-C854-4894-B008-73E214E2EBB0}.Release|iPhone.Deploy.0 = Release|Any CPU
		{92E6055C-C854-4894-B008-73E214E2EBB0}.Release|iPhoneSimulator.ActiveCfg = Release|Any CPU
		{92E6055C-C854-4894-B008-73E214E2EBB0}.Release|iPhoneSimulator.Build.0 = Release|Any CPU
		{92E6055C-C854-4894-B008-73E214E2EBB0}.Release|iPhoneSimulator.Deploy.0 = Release|Any CPU
		{92E6055C-C854-4894-B008-73E214E2EBB0}.Release|x64.ActiveCfg = Release|Any CPU
		{92E6055C-C854-4894-B008-73E214E2EBB0}.Release|x64.Build.0 = Release|Any CPU
		{92E6055C-C854-4894-B008-73E214E2EBB0}.Release|x64.Deploy.0 = Release|Any CPU
		{92E6055C-C854-4894-B008-73E214E2EBB0}.Release|x86.ActiveCfg = Release|Any CPU
		{92E6055C-C854-4894-B008-73E214E2EBB0}.Release|x86.Build.0 = Release|Any CPU
		{92E6055C-C854-4894-B008-73E214E2EBB0}.Release|x86.Deploy.0 = Release|Any CPU
		{5869D817-F6C0-46CA-9DF9-98BD34A150F9}.Ad-Hoc|Any CPU.ActiveCfg = Ad-Hoc|iPhone
		{5869D817-F6C0-46CA-9DF9-98BD34A150F9}.Ad-Hoc|ARM.ActiveCfg = Ad-Hoc|iPhone
		{5869D817-F6C0-46CA-9DF9-98BD34A150F9}.Ad-Hoc|iPhone.ActiveCfg = Ad-Hoc|iPhone
		{5869D817-F6C0-46CA-9DF9-98BD34A150F9}.Ad-Hoc|iPhone.Build.0 = Ad-Hoc|iPhone
		{5869D817-F6C0-46CA-9DF9-98BD34A150F9}.Ad-Hoc|iPhoneSimulator.ActiveCfg = Ad-Hoc|iPhoneSimulator
		{5869D817-F6C0-46CA-9DF9-98BD34A150F9}.Ad-Hoc|iPhoneSimulator.Build.0 = Ad-Hoc|iPhoneSimulator
		{5869D817-F6C0-46CA-9DF9-98BD34A150F9}.Ad-Hoc|x64.ActiveCfg = Ad-Hoc|iPhone
		{5869D817-F6C0-46CA-9DF9-98BD34A150F9}.Ad-Hoc|x86.ActiveCfg = Ad-Hoc|iPhone
		{5869D817-F6C0-46CA-9DF9-98BD34A150F9}.AppStore|Any CPU.ActiveCfg = AppStore|iPhone
		{5869D817-F6C0-46CA-9DF9-98BD34A150F9}.AppStore|ARM.ActiveCfg = AppStore|iPhone
		{5869D817-F6C0-46CA-9DF9-98BD34A150F9}.AppStore|iPhone.ActiveCfg = AppStore|iPhone
		{5869D817-F6C0-46CA-9DF9-98BD34A150F9}.AppStore|iPhone.Build.0 = AppStore|iPhone
		{5869D817-F6C0-46CA-9DF9-98BD34A150F9}.AppStore|iPhoneSimulator.ActiveCfg = AppStore|iPhoneSimulator
		{5869D817-F6C0-46CA-9DF9-98BD34A150F9}.AppStore|iPhoneSimulator.Build.0 = AppStore|iPhoneSimulator
		{5869D817-F6C0-46CA-9DF9-98BD34A150F9}.AppStore|x64.ActiveCfg = AppStore|iPhone
		{5869D817-F6C0-46CA-9DF9-98BD34A150F9}.AppStore|x86.ActiveCfg = AppStore|iPhone
		{5869D817-F6C0-46CA-9DF9-98BD34A150F9}.Debug|Any CPU.ActiveCfg = Debug|iPhone
		{5869D817-F6C0-46CA-9DF9-98BD34A150F9}.Debug|ARM.ActiveCfg = Debug|iPhone
		{5869D817-F6C0-46CA-9DF9-98BD34A150F9}.Debug|iPhone.ActiveCfg = Debug|iPhone
		{5869D817-F6C0-46CA-9DF9-98BD34A150F9}.Debug|iPhone.Build.0 = Debug|iPhone
		{5869D817-F6C0-46CA-9DF9-98BD34A150F9}.Debug|iPhoneSimulator.ActiveCfg = Debug|iPhoneSimulator
		{5869D817-F6C0-46CA-9DF9-98BD34A150F9}.Debug|iPhoneSimulator.Build.0 = Debug|iPhoneSimulator
		{5869D817-F6C0-46CA-9DF9-98BD34A150F9}.Debug|x64.ActiveCfg = Debug|iPhone
		{5869D817-F6C0-46CA-9DF9-98BD34A150F9}.Debug|x86.ActiveCfg = Debug|iPhone
		{5869D817-F6C0-46CA-9DF9-98BD34A150F9}.Release|Any CPU.ActiveCfg = Release|iPhone
		{5869D817-F6C0-46CA-9DF9-98BD34A150F9}.Release|ARM.ActiveCfg = Release|iPhone
		{5869D817-F6C0-46CA-9DF9-98BD34A150F9}.Release|iPhone.ActiveCfg = Release|iPhone
		{5869D817-F6C0-46CA-9DF9-98BD34A150F9}.Release|iPhone.Build.0 = Release|iPhone
		{5869D817-F6C0-46CA-9DF9-98BD34A150F9}.Release|iPhoneSimulator.ActiveCfg = Release|iPhoneSimulator
		{5869D817-F6C0-46CA-9DF9-98BD34A150F9}.Release|iPhoneSimulator.Build.0 = Release|iPhoneSimulator
		{5869D817-F6C0-46CA-9DF9-98BD34A150F9}.Release|x64.ActiveCfg = Release|iPhone
		{5869D817-F6C0-46CA-9DF9-98BD34A150F9}.Release|x86.ActiveCfg = Release|iPhone
		{67F9D3A8-F71E-4428-913F-C37AE82CDB24}.Ad-Hoc|Any CPU.ActiveCfg = Release|Any CPU
		{67F9D3A8-F71E-4428-913F-C37AE82CDB24}.Ad-Hoc|Any CPU.Build.0 = Release|Any CPU
		{67F9D3A8-F71E-4428-913F-C37AE82CDB24}.Ad-Hoc|ARM.ActiveCfg = Release|Any CPU
		{67F9D3A8-F71E-4428-913F-C37AE82CDB24}.Ad-Hoc|ARM.Build.0 = Release|Any CPU
		{67F9D3A8-F71E-4428-913F-C37AE82CDB24}.Ad-Hoc|iPhone.ActiveCfg = Release|Any CPU
		{67F9D3A8-F71E-4428-913F-C37AE82CDB24}.Ad-Hoc|iPhone.Build.0 = Release|Any CPU
		{67F9D3A8-F71E-4428-913F-C37AE82CDB24}.Ad-Hoc|iPhoneSimulator.ActiveCfg = Release|Any CPU
		{67F9D3A8-F71E-4428-913F-C37AE82CDB24}.Ad-Hoc|iPhoneSimulator.Build.0 = Release|Any CPU
		{67F9D3A8-F71E-4428-913F-C37AE82CDB24}.Ad-Hoc|x64.ActiveCfg = Release|Any CPU
		{67F9D3A8-F71E-4428-913F-C37AE82CDB24}.Ad-Hoc|x64.Build.0 = Release|Any CPU
		{67F9D3A8-F71E-4428-913F-C37AE82CDB24}.Ad-Hoc|x86.ActiveCfg = Release|Any CPU
		{67F9D3A8-F71E-4428-913F-C37AE82CDB24}.Ad-Hoc|x86.Build.0 = Release|Any CPU
		{67F9D3A8-F71E-4428-913F-C37AE82CDB24}.AppStore|Any CPU.ActiveCfg = Release|Any CPU
		{67F9D3A8-F71E-4428-913F-C37AE82CDB24}.AppStore|Any CPU.Build.0 = Release|Any CPU
		{67F9D3A8-F71E-4428-913F-C37AE82CDB24}.AppStore|ARM.ActiveCfg = Release|Any CPU
		{67F9D3A8-F71E-4428-913F-C37AE82CDB24}.AppStore|ARM.Build.0 = Release|Any CPU
		{67F9D3A8-F71E-4428-913F-C37AE82CDB24}.AppStore|iPhone.ActiveCfg = Release|Any CPU
		{67F9D3A8-F71E-4428-913F-C37AE82CDB24}.AppStore|iPhone.Build.0 = Release|Any CPU
		{67F9D3A8-F71E-4428-913F-C37AE82CDB24}.AppStore|iPhoneSimulator.ActiveCfg = Release|Any CPU
		{67F9D3A8-F71E-4428-913F-C37AE82CDB24}.AppStore|iPhoneSimulator.Build.0 = Release|Any CPU
		{67F9D3A8-F71E-4428-913F-C37AE82CDB24}.AppStore|x64.ActiveCfg = Release|Any CPU
		{67F9D3A8-F71E-4428-913F-C37AE82CDB24}.AppStore|x64.Build.0 = Release|Any CPU
		{67F9D3A8-F71E-4428-913F-C37AE82CDB24}.AppStore|x86.ActiveCfg = Release|Any CPU
		{67F9D3A8-F71E-4428-913F-C37AE82CDB24}.AppStore|x86.Build.0 = Release|Any CPU
		{67F9D3A8-F71E-4428-913F-C37AE82CDB24}.Debug|Any CPU.ActiveCfg = Debug|Any CPU
		{67F9D3A8-F71E-4428-913F-C37AE82CDB24}.Debug|Any CPU.Build.0 = Debug|Any CPU
		{67F9D3A8-F71E-4428-913F-C37AE82CDB24}.Debug|ARM.ActiveCfg = Debug|Any CPU
		{67F9D3A8-F71E-4428-913F-C37AE82CDB24}.Debug|ARM.Build.0 = Debug|Any CPU
		{67F9D3A8-F71E-4428-913F-C37AE82CDB24}.Debug|iPhone.ActiveCfg = Debug|Any CPU
		{67F9D3A8-F71E-4428-913F-C37AE82CDB24}.Debug|iPhone.Build.0 = Debug|Any CPU
		{67F9D3A8-F71E-4428-913F-C37AE82CDB24}.Debug|iPhoneSimulator.ActiveCfg = Debug|Any CPU
		{67F9D3A8-F71E-4428-913F-C37AE82CDB24}.Debug|iPhoneSimulator.Build.0 = Debug|Any CPU
		{67F9D3A8-F71E-4428-913F-C37AE82CDB24}.Debug|x64.ActiveCfg = Debug|Any CPU
		{67F9D3A8-F71E-4428-913F-C37AE82CDB24}.Debug|x64.Build.0 = Debug|Any CPU
		{67F9D3A8-F71E-4428-913F-C37AE82CDB24}.Debug|x86.ActiveCfg = Debug|Any CPU
		{67F9D3A8-F71E-4428-913F-C37AE82CDB24}.Debug|x86.Build.0 = Debug|Any CPU
		{67F9D3A8-F71E-4428-913F-C37AE82CDB24}.Release|Any CPU.ActiveCfg = Release|Any CPU
		{67F9D3A8-F71E-4428-913F-C37AE82CDB24}.Release|Any CPU.Build.0 = Release|Any CPU
		{67F9D3A8-F71E-4428-913F-C37AE82CDB24}.Release|ARM.ActiveCfg = Release|Any CPU
		{67F9D3A8-F71E-4428-913F-C37AE82CDB24}.Release|ARM.Build.0 = Release|Any CPU
		{67F9D3A8-F71E-4428-913F-C37AE82CDB24}.Release|iPhone.ActiveCfg = Release|Any CPU
		{67F9D3A8-F71E-4428-913F-C37AE82CDB24}.Release|iPhone.Build.0 = Release|Any CPU
		{67F9D3A8-F71E-4428-913F-C37AE82CDB24}.Release|iPhoneSimulator.ActiveCfg = Release|Any CPU
		{67F9D3A8-F71E-4428-913F-C37AE82CDB24}.Release|iPhoneSimulator.Build.0 = Release|Any CPU
		{67F9D3A8-F71E-4428-913F-C37AE82CDB24}.Release|x64.ActiveCfg = Release|Any CPU
		{67F9D3A8-F71E-4428-913F-C37AE82CDB24}.Release|x64.Build.0 = Release|Any CPU
		{67F9D3A8-F71E-4428-913F-C37AE82CDB24}.Release|x86.ActiveCfg = Release|Any CPU
		{67F9D3A8-F71E-4428-913F-C37AE82CDB24}.Release|x86.Build.0 = Release|Any CPU
		{8CB1D2E3-94BD-4642-9CB4-988EB1E311BE}.Ad-Hoc|Any CPU.ActiveCfg = Release|Any CPU
		{8CB1D2E3-94BD-4642-9CB4-988EB1E311BE}.Ad-Hoc|Any CPU.Build.0 = Release|Any CPU
		{8CB1D2E3-94BD-4642-9CB4-988EB1E311BE}.Ad-Hoc|ARM.ActiveCfg = Release|Any CPU
		{8CB1D2E3-94BD-4642-9CB4-988EB1E311BE}.Ad-Hoc|ARM.Build.0 = Release|Any CPU
		{8CB1D2E3-94BD-4642-9CB4-988EB1E311BE}.Ad-Hoc|iPhone.ActiveCfg = Release|Any CPU
		{8CB1D2E3-94BD-4642-9CB4-988EB1E311BE}.Ad-Hoc|iPhone.Build.0 = Release|Any CPU
		{8CB1D2E3-94BD-4642-9CB4-988EB1E311BE}.Ad-Hoc|iPhoneSimulator.ActiveCfg = Release|Any CPU
		{8CB1D2E3-94BD-4642-9CB4-988EB1E311BE}.Ad-Hoc|iPhoneSimulator.Build.0 = Release|Any CPU
		{8CB1D2E3-94BD-4642-9CB4-988EB1E311BE}.Ad-Hoc|x64.ActiveCfg = Release|Any CPU
		{8CB1D2E3-94BD-4642-9CB4-988EB1E311BE}.Ad-Hoc|x64.Build.0 = Release|Any CPU
		{8CB1D2E3-94BD-4642-9CB4-988EB1E311BE}.Ad-Hoc|x86.ActiveCfg = Release|Any CPU
		{8CB1D2E3-94BD-4642-9CB4-988EB1E311BE}.Ad-Hoc|x86.Build.0 = Release|Any CPU
		{8CB1D2E3-94BD-4642-9CB4-988EB1E311BE}.AppStore|Any CPU.ActiveCfg = Release|Any CPU
		{8CB1D2E3-94BD-4642-9CB4-988EB1E311BE}.AppStore|Any CPU.Build.0 = Release|Any CPU
		{8CB1D2E3-94BD-4642-9CB4-988EB1E311BE}.AppStore|ARM.ActiveCfg = Release|Any CPU
		{8CB1D2E3-94BD-4642-9CB4-988EB1E311BE}.AppStore|ARM.Build.0 = Release|Any CPU
		{8CB1D2E3-94BD-4642-9CB4-988EB1E311BE}.AppStore|iPhone.ActiveCfg = Release|Any CPU
		{8CB1D2E3-94BD-4642-9CB4-988EB1E311BE}.AppStore|iPhone.Build.0 = Release|Any CPU
		{8CB1D2E3-94BD-4642-9CB4-988EB1E311BE}.AppStore|iPhoneSimulator.ActiveCfg = Release|Any CPU
		{8CB1D2E3-94BD-4642-9CB4-988EB1E311BE}.AppStore|iPhoneSimulator.Build.0 = Release|Any CPU
		{8CB1D2E3-94BD-4642-9CB4-988EB1E311BE}.AppStore|x64.ActiveCfg = Release|Any CPU
		{8CB1D2E3-94BD-4642-9CB4-988EB1E311BE}.AppStore|x64.Build.0 = Release|Any CPU
		{8CB1D2E3-94BD-4642-9CB4-988EB1E311BE}.AppStore|x86.ActiveCfg = Release|Any CPU
		{8CB1D2E3-94BD-4642-9CB4-988EB1E311BE}.AppStore|x86.Build.0 = Release|Any CPU
		{8CB1D2E3-94BD-4642-9CB4-988EB1E311BE}.Debug|Any CPU.ActiveCfg = Debug|Any CPU
		{8CB1D2E3-94BD-4642-9CB4-988EB1E311BE}.Debug|Any CPU.Build.0 = Debug|Any CPU
		{8CB1D2E3-94BD-4642-9CB4-988EB1E311BE}.Debug|ARM.ActiveCfg = Debug|Any CPU
		{8CB1D2E3-94BD-4642-9CB4-988EB1E311BE}.Debug|ARM.Build.0 = Debug|Any CPU
		{8CB1D2E3-94BD-4642-9CB4-988EB1E311BE}.Debug|iPhone.ActiveCfg = Debug|Any CPU
		{8CB1D2E3-94BD-4642-9CB4-988EB1E311BE}.Debug|iPhone.Build.0 = Debug|Any CPU
		{8CB1D2E3-94BD-4642-9CB4-988EB1E311BE}.Debug|iPhoneSimulator.ActiveCfg = Debug|Any CPU
		{8CB1D2E3-94BD-4642-9CB4-988EB1E311BE}.Debug|iPhoneSimulator.Build.0 = Debug|Any CPU
		{8CB1D2E3-94BD-4642-9CB4-988EB1E311BE}.Debug|x64.ActiveCfg = Debug|Any CPU
		{8CB1D2E3-94BD-4642-9CB4-988EB1E311BE}.Debug|x64.Build.0 = Debug|Any CPU
		{8CB1D2E3-94BD-4642-9CB4-988EB1E311BE}.Debug|x86.ActiveCfg = Debug|Any CPU
		{8CB1D2E3-94BD-4642-9CB4-988EB1E311BE}.Debug|x86.Build.0 = Debug|Any CPU
		{8CB1D2E3-94BD-4642-9CB4-988EB1E311BE}.Release|Any CPU.ActiveCfg = Release|Any CPU
		{8CB1D2E3-94BD-4642-9CB4-988EB1E311BE}.Release|Any CPU.Build.0 = Release|Any CPU
		{8CB1D2E3-94BD-4642-9CB4-988EB1E311BE}.Release|ARM.ActiveCfg = Release|Any CPU
		{8CB1D2E3-94BD-4642-9CB4-988EB1E311BE}.Release|ARM.Build.0 = Release|Any CPU
		{8CB1D2E3-94BD-4642-9CB4-988EB1E311BE}.Release|iPhone.ActiveCfg = Release|Any CPU
		{8CB1D2E3-94BD-4642-9CB4-988EB1E311BE}.Release|iPhone.Build.0 = Release|Any CPU
		{8CB1D2E3-94BD-4642-9CB4-988EB1E311BE}.Release|iPhoneSimulator.ActiveCfg = Release|Any CPU
		{8CB1D2E3-94BD-4642-9CB4-988EB1E311BE}.Release|iPhoneSimulator.Build.0 = Release|Any CPU
		{8CB1D2E3-94BD-4642-9CB4-988EB1E311BE}.Release|x64.ActiveCfg = Release|Any CPU
		{8CB1D2E3-94BD-4642-9CB4-988EB1E311BE}.Release|x64.Build.0 = Release|Any CPU
		{8CB1D2E3-94BD-4642-9CB4-988EB1E311BE}.Release|x86.ActiveCfg = Release|Any CPU
		{8CB1D2E3-94BD-4642-9CB4-988EB1E311BE}.Release|x86.Build.0 = Release|Any CPU
	EndGlobalSection
	GlobalSection(SolutionProperties) = preSolution
		HideSolutionNode = FALSE
	EndGlobalSection
	GlobalSection(NestedProjects) = preSolution
		{75953FDC-32FA-4552-96C4-7580DE10BF0D} = {B6579206-98E0-4F46-A084-E56396315674}
		{92E6055C-C854-4894-B008-73E214E2EBB0} = {B6579206-98E0-4F46-A084-E56396315674}
		{5869D817-F6C0-46CA-9DF9-98BD34A150F9} = {B6579206-98E0-4F46-A084-E56396315674}
	EndGlobalSection
EndGlobal
